
Microsoft Visual Studio Solution File, Format Version 12.00
# Visual Studio Version 17
VisualStudioVersion = 17.8.34330.188
MinimumVisualStudioVersion = 10.0.40219.1
Project("{FAE04EC0-301F-11D3-BF4B-00C04F79EFBC}") = "Final", "Final.csproj", "{91165028-F729-42DC-B350-11AFF65493B3}"
EndProject
Global
	GlobalSection(SolutionConfigurationPlatforms) = preSolution
		Debug|Any CPU = Debug|Any CPU
		Release|Any CPU = Release|Any CPU
	EndGlobalSection
	GlobalSection(ProjectConfigurationPlatforms) = postSolution
		{91165028-F729-42DC-B350-11AFF65493B3}.Debug|Any CPU.ActiveCfg = Debug|Any CPU
		{91165028-F729-42DC-B350-11AFF65493B3}.Debug|Any CPU.Build.0 = Debug|Any CPU
		{91165028-F729-42DC-B350-11AFF65493B3}.Release|Any CPU.ActiveCfg = Release|Any CPU
		{91165028-F729-42DC-B350-11AFF65493B3}.Release|Any CPU.Build.0 = Release|Any CPU
	EndGlobalSection
	GlobalSection(SolutionProperties) = preSolution
		HideSolutionNode = FALSE
	EndGlobalSection
	GlobalSection(ExtensibilityGlobals) = postSolution
		SolutionGuid = {5E12A2F2-72A9-45BC-97DD-EE136DF10056}
	EndGlobalSection
EndGlobal
